{
  "name": "ui",
  "lockfileVersion": 3,
  "requires": true,
  "packages": {
    "": {
      "name": "ui",
      "hasInstallScript": true,
      "license": "LGPL-3.0",
      "dependencies": {
        "consola": "^3.2.3",
        "monaco-editor": "0.53.0",
        "ofetch": "1.4.1",
        "ufo": "^1.6.2",
        "vue": "3.5.22",
        "vue-router": "4.4.3",
        "yaml": "2.8.1"
      },
      "devDependencies": {
        "@nuxt/test-utils": "3.20.1",
        "@pinia/nuxt": "0.11.1",
        "@playwright/test": "1.57.0",
        "@vue/test-utils": "2.4.6",
        "cross-env": "7.0.3",
        "nuxt": "4.1.2",
        "nuxt-monaco-editor": "1.4.0",
        "pinia": "3.0.3",
        "prettier": "2.8.8",
        "tailwind-components": "*",
        "vue-tsc": "2.1.6"
      }
    },
    "../node_modules/.pnpm/@nuxt+test-utils@3.20.1_@jest+globals@29.7.0_@playwright+test@1.57.0_@vue+test-utils@2._dfacc8bde05378c6401dc6edae5a2fd1/node_modules/@nuxt/test-utils": {
      "version": "3.20.1",
      "dev": true,
      "license": "MIT",
      "dependencies": {
        "@nuxt/kit": "^4.1.3",
        "c12": "^3.3.1",
        "consola": "^3.4.2",
        "defu": "^6.1.4",
        "destr": "^2.0.5",
        "estree-walker": "^3.0.3",
        "fake-indexeddb": "^6.2.4",
        "get-port-please": "^3.2.0",
        "h3": "^1.15.4",
        "local-pkg": "^1.1.2",
        "magic-string": "^0.30.19",
        "node-fetch-native": "^1.6.7",
        "node-mock-http": "^1.0.3",
        "ofetch": "^1.4.1",
        "pathe": "^2.0.3",
        "perfect-debounce": "^2.0.0",
        "radix3": "^1.1.2",
        "scule": "^1.3.0",
        "std-env": "^3.10.0",
        "tinyexec": "^1.0.1",
        "ufo": "^1.6.1",
        "unplugin": "^2.3.10",
        "vitest-environment-nuxt": "^1.0.1",
        "vue": "^3.5.22"
      },
      "devDependencies": {
        "@cucumber/cucumber": "12.2.0",
        "@jest/globals": "30.2.0",
        "@nuxt/devtools-kit": "2.6.5",
        "@nuxt/eslint-config": "1.9.0",
        "@nuxt/schema": "4.1.3",
        "@playwright/test": "1.56.1",
        "@testing-library/vue": "8.1.0",
        "@types/bun": "1.3.0",
        "@types/estree": "1.0.8",
        "@types/jsdom": "27.0.0",
        "@types/node": "latest",
        "@types/semver": "7.7.1",
        "@vue/test-utils": "2.4.6",
        "changelogen": "0.6.2",
        "compatx": "0.2.0",
        "eslint": "9.38.0",
        "installed-check": "9.3.0",
        "knip": "5.66.2",
        "nitropack": "2.12.7",
        "nuxt": "4.1.3",
        "pkg-pr-new": "0.0.60",
        "playwright-core": "1.56.1",
        "rollup": "4.52.5",
        "semver": "7.7.3",
        "typescript": "5.9.3",
        "unbuild": "latest",
        "unimport": "5.5.0",
        "vite": "7.1.11",
        "vitest": "3.2.4",
        "vue-router": "4.6.3",
        "vue-tsc": "3.1.1"
      },
      "engines": {
        "node": "^20.0.0 || ^22.0.0 || >=24.0.0"
      },
      "peerDependencies": {
        "@cucumber/cucumber": "^10.3.1 || >=11.0.0",
        "@jest/globals": "^29.5.0 || >=30.0.0",
        "@playwright/test": "^1.43.1",
        "@testing-library/vue": "^7.0.0 || ^8.0.1",
        "@vue/test-utils": "^2.4.2",
        "happy-dom": "*",
        "jsdom": "*",
        "playwright-core": "^1.43.1",
        "vitest": "^3.2.0"
      },
      "peerDependenciesMeta": {
        "@cucumber/cucumber": {
          "optional": true
        },
        "@jest/globals": {
          "optional": true
        },
        "@playwright/test": {
          "optional": true
        },
        "@testing-library/vue": {
          "optional": true
        },
        "@vitest/ui": {
          "optional": true
        },
        "@vue/test-utils": {
          "optional": true
        },
        "happy-dom": {
          "optional": true
        },
        "jsdom": {
          "optional": true
        },
        "playwright-core": {
          "optional": true
        },
        "vitest": {
          "optional": true
        }
      }
    },
    "../node_modules/.pnpm/@pinia+nuxt@0.11.1_magicast@0.5.1_pinia@3.0.3_typescript@5.8.2_vue@3.5.22_typescript@5.8.2__/node_modules/@pinia/nuxt": {
      "version": "0.11.1",
      "dev": true,
      "license": "MIT",
      "dependencies": {
        "@nuxt/kit": "^3.9.0"
      },
      "devDependencies": {
        "@nuxt/module-builder": "1.0.0-alpha.1",
        "@nuxt/schema": "^3.9.0",
        "@nuxt/test-utils": "^3.15.4",
        "nuxt": "^3.15.4",
        "pinia": "^3.0.3",
        "typescript": "^5.7.3",
        "vue-tsc": "^2.2.0"
      },
      "funding": {
        "url": "https://github.com/sponsors/posva"
      },
      "peerDependencies": {
        "pinia": "^3.0.3"
      }
    },
    "../node_modules/.pnpm/@playwright+test@1.57.0/node_modules/@playwright/test": {
      "version": "1.57.0",
      "dev": true,
      "license": "Apache-2.0",
      "dependencies": {
        "playwright": "1.57.0"
      },
      "bin": {
        "playwright": "cli.js"
      },
      "engines": {
        "node": ">=18"
      }
    },
    "../node_modules/.pnpm/@vue+test-utils@2.4.6/node_modules/@vue/test-utils": {
      "version": "2.4.6",
      "dev": true,
      "license": "MIT",
      "dependencies": {
        "js-beautify": "^1.14.9",
        "vue-component-type-helpers": "^2.0.0"
      },
      "devDependencies": {
        "@rollup/plugin-commonjs": "25.0.7",
        "@rollup/plugin-json": "6.1.0",
        "@rollup/plugin-node-resolve": "15.2.3",
        "@rollup/plugin-replace": "5.0.5",
        "@rollup/plugin-typescript": "11.1.6",
        "@types/js-beautify": "1.14.3",
        "@types/node": "20.12.8",
        "@typescript-eslint/eslint-plugin": "7.8.0",
        "@typescript-eslint/parser": "7.8.0",
        "@vitejs/plugin-vue": "5.0.4",
        "@vitejs/plugin-vue-jsx": "3.1.0",
        "@vitest/coverage-v8": "1.5.3",
        "@vue/compat": "3.4.26",
        "@vue/compiler-dom": "3.4.26",
        "@vue/compiler-sfc": "3.4.26",
        "@vue/server-renderer": "3.4.26",
        "eslint": "8.57.0",
        "eslint-config-prettier": "9.1.0",
        "eslint-plugin-prettier": "5.1.3",
        "husky": "9.0.11",
        "jsdom": "24.0.0",
        "jsdom-global": "3.0.2",
        "lint-staged": "15.2.2",
        "prettier": "3.2.5",
        "reflect-metadata": "0.2.2",
        "rollup": "4.17.2",
        "tslib": "2.6.2",
        "typescript": "5.4.5",
        "unplugin-vue-components": "0.27.0",
        "vite": "5.2.10",
        "vitepress": "1.1.4",
        "vitepress-translation-helper": "0.2.1",
        "vitest": "1.5.3",
        "vue": "3.4.26",
        "vue-class-component": "8.0.0-rc.1",
        "vue-router": "4.3.2",
        "vue-tsc": "2.0.16",
        "vuex": "4.1.0"
      }
    },
    "../node_modules/.pnpm/cross-env@7.0.3/node_modules/cross-env": {
      "version": "7.0.3",
      "dev": true,
      "license": "MIT",
      "dependencies": {
        "cross-spawn": "^7.0.1"
      },
      "bin": {
        "cross-env": "src/bin/cross-env.js",
        "cross-env-shell": "src/bin/cross-env-shell.js"
      },
      "devDependencies": {
        "kcd-scripts": "^5.5.0"
      },
      "engines": {
        "node": ">=10.14",
        "npm": ">=6",
        "yarn": ">=1"
      }
    },
    "../node_modules/.pnpm/monaco-editor@0.53.0/node_modules/monaco-editor": {
      "version": "0.53.0",
      "license": "MIT",
      "dependencies": {
        "@types/trusted-types": "^1.0.6"
      },
      "devDependencies": {
        "@playwright/test": "^1.53.2",
        "@types/mocha": "^9.1.0",
        "@types/shelljs": "^0.8.11",
        "@typescript/vfs": "^1.3.5",
        "chai": "^4.3.6",
        "clean-css": "^5.2.4",
        "css-loader": "^6.7.1",
        "esbuild": "^0.25.9",
        "esbuild-plugin-alias": "^0.2.1",
        "file-loader": "^6.2.0",
        "glob": "^7.2.0",
        "http-server": "^14.1.1",
        "husky": "^7.0.4",
        "jsdom": "^19.0.0",
        "jsonc-parser": "^3.0.0",
        "mocha": "^9.2.0",
        "monaco-editor-core": "0.53.0",
        "parcel": "^2.7.0",
        "pin-github-action": "^1.8.0",
        "prettier": "^2.5.1",
        "pretty-quick": "^3.1.3",
        "requirejs": "^2.3.7",
        "shelljs": "^0.8.5",
        "style-loader": "^3.3.1",
        "terser": "^5.14.2",
        "ts-node": "^10.6.0",
        "typescript": "^5.4.5",
        "vite": "^3.2.8",
        "vscode-css-languageservice": "6.2.14",
        "vscode-html-languageservice": "5.2.0",
        "vscode-json-languageservice": "5.3.11",
        "vscode-languageserver-textdocument": "^1.0.11",
        "vscode-languageserver-types": "3.17.5",
        "vscode-uri": "3.0.8",
        "webpack": "^5.76.0",
        "yaserver": "^0.4.0"
      }
    },
    "../node_modules/.pnpm/nuxt-monaco-editor@1.4.0_magicast@0.5.1_monaco-editor@0.53.0_vite@7.2.4_@types+node@24._0a067b5c9f1f8f15846740e3002fad53/node_modules/nuxt-monaco-editor": {
      "version": "1.4.0",
      "dev": true,
      "license": "MIT",
      "workspaces": [
        "playground"
      ],
      "dependencies": {
        "@nuxt/kit": "^4.0.3",
        "defu": "^6.1.4",
        "vite-plugin-static-copy": "^3.1.1"
      },
      "devDependencies": {
        "@commitlint/cli": "^19.8.1",
        "@commitlint/config-conventional": "^19.8.1",
        "@nuxt/content": "^3.6.3",
        "@nuxt/eslint-config": "^1.8.0",
        "@nuxt/module-builder": "1.0.2",
        "@nuxt/test-utils": "3.19.2",
        "@vue/test-utils": "^2.4.6",
        "better-sqlite3": "^12.2.0",
        "eslint": "^9.33.0",
        "execa": "^9.6.0",
        "happy-dom": "^18.0.1",
        "husky": "^9.1.7",
        "jiti": "^2.5.1",
        "monaco-editor": "^0.52.2",
        "nuxt": "^4.0.3",
        "nuxt-content-twoslash": "^0.1.2",
        "pinst": "^3.0.0",
        "playwright": "^1.54.2",
        "playwright-core": "^1.54.2",
        "remark-cli": "^12.0.1",
        "remark-lint": "^10.0.1",
        "remark-preset-lint-recommended": "^7.0.1",
        "shadcn-docs-nuxt": "patch:shadcn-docs-nuxt@npm%3A1.1.2#~/.yarn/patches/shadcn-docs-nuxt-npm-1.1.2-b9d2f65cf2.patch",
        "standard-version": "^9.5.0",
        "typescript": "^5.9.2",
        "vitest": "^3.2.4",
        "vue-tsc": "^3.0.5"
      },
      "peerDependencies": {
        "monaco-editor": "*"
      }
    },
    "../node_modules/.pnpm/nuxt@4.1.2_@parcel+watcher@2.5.1_@types+node@24.10.1_@vue+compiler-sfc@3.5.25_db0@0.3.4_3194feaac2aca5e1147a3ba1c04e8d18/node_modules/nuxt": {
      "version": "4.1.2",
      "dev": true,
      "license": "MIT",
      "dependencies": {
        "@nuxt/cli": "^3.28.0",
        "@nuxt/devalue": "^2.0.2",
        "@nuxt/devtools": "^2.6.3",
        "@nuxt/kit": "4.1.2",
        "@nuxt/schema": "4.1.2",
        "@nuxt/telemetry": "^2.6.6",
        "@nuxt/vite-builder": "4.1.2",
        "@unhead/vue": "^2.0.14",
        "@vue/shared": "^3.5.21",
        "c12": "^3.2.0",
        "chokidar": "^4.0.3",
        "compatx": "^0.2.0",
        "consola": "^3.4.2",
        "cookie-es": "^2.0.0",
        "defu": "^6.1.4",
        "destr": "^2.0.5",
        "devalue": "^5.3.2",
        "errx": "^0.1.0",
        "esbuild": "^0.25.9",
        "escape-string-regexp": "^5.0.0",
        "estree-walker": "^3.0.3",
        "exsolve": "^1.0.7",
        "h3": "^1.15.4",
        "hookable": "^5.5.3",
        "ignore": "^7.0.5",
        "impound": "^1.0.0",
        "jiti": "^2.5.1",
        "klona": "^2.0.6",
        "knitwork": "^1.2.0",
        "magic-string": "^0.30.19",
        "mlly": "^1.8.0",
        "mocked-exports": "^0.1.1",
        "nanotar": "^0.2.0",
        "nitropack": "^2.12.5",
        "nypm": "^0.6.1",
        "ofetch": "^1.4.1",
        "ohash": "^2.0.11",
        "on-change": "^5.0.1",
        "oxc-minify": "^0.87.0",
        "oxc-parser": "^0.87.0",
        "oxc-transform": "^0.87.0",
        "oxc-walker": "^0.5.2",
        "pathe": "^2.0.3",
        "perfect-debounce": "^2.0.0",
        "pkg-types": "^2.3.0",
        "radix3": "^1.1.2",
        "scule": "^1.3.0",
        "semver": "^7.7.2",
        "std-env": "^3.9.0",
        "tinyglobby": "^0.2.15",
        "ufo": "^1.6.1",
        "ultrahtml": "^1.6.0",
        "uncrypto": "^0.1.3",
        "unctx": "^2.4.1",
        "unimport": "^5.2.0",
        "unplugin": "^2.3.10",
        "unplugin-vue-router": "^0.15.0",
        "unstorage": "^1.17.1",
        "untyped": "^2.0.0",
        "vue": "^3.5.21",
        "vue-bundle-renderer": "^2.1.2",
        "vue-devtools-stub": "^0.1.0",
        "vue-router": "^4.5.1"
      },
      "bin": {
        "nuxi": "bin/nuxt.mjs",
        "nuxt": "bin/nuxt.mjs"
      },
      "devDependencies": {
        "@nuxt/scripts": "0.11.13",
        "@parcel/watcher": "2.5.1",
        "@types/estree": "1.0.8",
        "@vitejs/plugin-vue": "6.0.1",
        "@vitejs/plugin-vue-jsx": "5.1.1",
        "@vue/compiler-sfc": "3.5.21",
        "unbuild": "3.6.1",
        "vite": "7.1.5",
        "vitest": "3.2.4",
        "vue-sfc-transformer": "0.1.16"
      },
      "engines": {
        "node": "^20.19.0 || >=22.12.0"
      },
      "peerDependencies": {
        "@parcel/watcher": "^2.1.0",
        "@types/node": ">=18.12.0"
      },
      "peerDependenciesMeta": {
        "@parcel/watcher": {
          "optional": true
        },
        "@types/node": {
          "optional": true
        }
      }
    },
    "../node_modules/.pnpm/ofetch@1.4.1/node_modules/ofetch": {
      "version": "1.4.1",
      "license": "MIT",
      "dependencies": {
        "destr": "^2.0.3",
        "node-fetch-native": "^1.6.4",
        "ufo": "^1.5.4"
      },
      "devDependencies": {
        "@types/node": "^22.7.5",
        "@vitest/coverage-v8": "^2.1.2",
        "changelogen": "^0.5.7",
        "eslint": "^9.12.0",
        "eslint-config-unjs": "^0.4.1",
        "fetch-blob": "^4.0.0",
        "formdata-polyfill": "^4.0.10",
        "h3": "^1.13.0",
        "jiti": "^2.3.3",
        "listhen": "^1.9.0",
        "prettier": "^3.3.3",
        "std-env": "^3.7.0",
        "typescript": "^5.6.2",
        "unbuild": "^2.0.0",
        "undici": "^6.19.8",
        "vitest": "^2.1.2"
      }
    },
    "../node_modules/.pnpm/pinia@3.0.3_typescript@5.8.2_vue@3.5.22_typescript@5.8.2_/node_modules/pinia": {
      "version": "3.0.3",
      "dev": true,
      "license": "MIT",
      "dependencies": {
        "@vue/devtools-api": "^7.7.2"
      },
      "devDependencies": {
        "@microsoft/api-extractor": "7.49.2",
        "@vue/test-utils": "^2.4.6"
      },
      "funding": {
        "url": "https://github.com/sponsors/posva"
      },
      "peerDependencies": {
        "typescript": ">=4.4.4",
        "vue": "^2.7.0 || ^3.5.11"
      },
      "peerDependenciesMeta": {
        "typescript": {
          "optional": true
        }
      }
    },
    "../node_modules/.pnpm/prettier@2.8.8/node_modules/prettier": {
      "version": "2.8.8",
      "dev": true,
      "license": "MIT",
      "bin": {
        "prettier": "bin-prettier.js"
      },
      "engines": {
        "node": ">=10.13.0"
      },
      "funding": {
        "url": "https://github.com/prettier/prettier?sponsor=1"
      }
    },
    "../node_modules/.pnpm/tailwind-components@0.0.1_react-dom@19.2.0_react@19.2.0__react@19.2.0_tailwindcss@3.4.17/node_modules/tailwind-components": {
      "version": "0.0.1",
      "dev": true,
      "license": "MIT",
      "devDependencies": {
        "@types/react": "^16.9.17",
        "@types/react-dom": "^16.9.4",
        "microbundle": "^0.11.0",
        "react": "^16.12.0",
        "react-dom": "^16.12.0",
        "tailwindcss": "^1.1.4"
      },
      "peerDependencies": {
        "react": "*",
        "react-dom": "*",
        "tailwindcss": "1.x"
      }
    },
    "../node_modules/.pnpm/vue-router@4.4.3_vue@3.5.22_typescript@5.8.2_/node_modules/vue-router": {
      "version": "4.4.3",
      "license": "MIT",
      "dependencies": {
        "@vue/devtools-api": "^6.6.3"
      },
      "devDependencies": {
        "@microsoft/api-extractor": "^7.40.1",
        "@rollup/plugin-alias": "^5.1.0",
        "@rollup/plugin-commonjs": "^25.0.7",
        "@rollup/plugin-node-resolve": "^15.2.3",
        "@rollup/plugin-replace": "^5.0.5",
        "@rollup/plugin-terser": "^0.4.4",
        "@types/jsdom": "^21.1.7",
        "@types/nightwatch": "^2.3.31",
        "@vitejs/plugin-vue": "^5.0.5",
        "@vitest/coverage-v8": "^1.6.0",
        "@vitest/ui": "^1.6.0",
        "@vue/compiler-sfc": "^3.4.29",
        "@vue/server-renderer": "^3.4.29",
        "@vue/test-utils": "^2.4.6",
        "browserstack-local": "^1.5.5",
        "chromedriver": "^121.0.2",
        "connect-history-api-fallback": "^1.6.0",
        "conventional-changelog-cli": "^2.1.1",
        "dotenv": "^16.4.5",
        "faked-promise": "^2.2.2",
        "geckodriver": "^3.2.0",
        "happy-dom": "^14.12.3",
        "nightwatch": "^2.6.22",
        "nightwatch-helpers": "^1.2.0",
        "rimraf": "^5.0.7",
        "rollup": "^3.29.4",
        "rollup-plugin-analyzer": "^4.0.0",
        "rollup-plugin-typescript2": "^0.36.0",
        "typescript": "~5.3.3",
        "vite": "^5.3.1",
        "vitest": "^1.6.0",
        "vue": "^3.4.29"
      },
      "funding": {
        "url": "https://github.com/sponsors/posva"
      },
      "peerDependencies": {
        "vue": "^3.2.0"
      }
    },
    "../node_modules/.pnpm/vue-tsc@2.1.6_typescript@5.8.2/node_modules/vue-tsc": {
      "version": "2.1.6",
      "dev": true,
      "license": "MIT",
      "dependencies": {
        "@volar/typescript": "~2.4.1",
        "@vue/language-core": "2.1.6",
        "semver": "^7.5.4"
      },
      "bin": {
        "vue-tsc": "bin/vue-tsc.js"
      },
      "devDependencies": {
        "@types/node": "latest"
      },
      "peerDependencies": {
        "typescript": ">=5.0.0"
      }
    },
    "../node_modules/.pnpm/vue@3.5.22_typescript@5.8.2/node_modules/vue": {
      "version": "3.5.22",
      "license": "MIT",
      "dependencies": {
        "@vue/compiler-dom": "3.5.22",
        "@vue/compiler-sfc": "3.5.22",
        "@vue/runtime-dom": "3.5.22",
        "@vue/server-renderer": "3.5.22",
        "@vue/shared": "3.5.22"
      },
      "peerDependencies": {
        "typescript": "*"
      },
      "peerDependenciesMeta": {
        "typescript": {
          "optional": true
        }
      }
    },
    "../node_modules/.pnpm/yaml@2.8.1/node_modules/yaml": {
      "version": "2.8.1",
      "license": "ISC",
      "bin": {
        "yaml": "bin.mjs"
      },
      "devDependencies": {
        "@babel/core": "^7.12.10",
        "@babel/plugin-transform-typescript": "^7.12.17",
        "@babel/preset-env": "^7.12.11",
        "@eslint/js": "^9.9.1",
        "@rollup/plugin-babel": "^6.0.3",
        "@rollup/plugin-replace": "^5.0.2",
        "@rollup/plugin-typescript": "^12.1.1",
        "@types/jest": "^29.2.4",
        "@types/node": "^20.11.20",
        "babel-jest": "^29.0.1",
        "cross-env": "^7.0.3",
        "eslint": "^9.9.1",
        "eslint-config-prettier": "^9.0.0",
        "fast-check": "^2.12.0",
        "jest": "^29.0.1",
        "jest-resolve": "^29.7.0",
        "jest-ts-webcompat-resolver": "^1.0.0",
        "prettier": "^3.0.2",
        "rollup": "^4.12.0",
        "tslib": "^2.8.1",
        "typescript": "^5.7.2",
        "typescript-eslint": "^8.4.0"
      },
      "engines": {
        "node": ">= 14.6"
      }
    },
    "node_modules/@nuxt/test-utils": {
      "resolved": "../node_modules/.pnpm/@nuxt+test-utils@3.20.1_@jest+globals@29.7.0_@playwright+test@1.57.0_@vue+test-utils@2._dfacc8bde05378c6401dc6edae5a2fd1/node_modules/@nuxt/test-utils",
      "link": true
    },
    "node_modules/@pinia/nuxt": {
      "resolved": "../node_modules/.pnpm/@pinia+nuxt@0.11.1_magicast@0.5.1_pinia@3.0.3_typescript@5.8.2_vue@3.5.22_typescript@5.8.2__/node_modules/@pinia/nuxt",
      "link": true
    },
    "node_modules/@playwright/test": {
      "resolved": "../node_modules/.pnpm/@playwright+test@1.57.0/node_modules/@playwright/test",
      "link": true
    },
    "node_modules/@vue/test-utils": {
      "resolved": "../node_modules/.pnpm/@vue+test-utils@2.4.6/node_modules/@vue/test-utils",
      "link": true
    },
    "node_modules/consola": {
      "version": "3.2.3",
      "resolved": "https://registry.npmjs.org/consola/-/consola-3.2.3.tgz",
      "integrity": "sha512-I5qxpzLv+sJhTVEoLYNcTW+bThDCPsit0vLNKShZx6rLtpilNpmmeTPaeqJb9ZE9dV3DGaeby6Vuhrw38WjeyQ==",
      "license": "MIT",
      "engines": {
        "node": "^14.18.0 || >=16.10.0"
      }
    },
    "node_modules/cross-env": {
      "resolved": "../node_modules/.pnpm/cross-env@7.0.3/node_modules/cross-env",
      "link": true
    },
    "node_modules/monaco-editor": {
      "resolved": "../node_modules/.pnpm/monaco-editor@0.53.0/node_modules/monaco-editor",
      "link": true
    },
    "node_modules/nuxt": {
      "resolved": "../node_modules/.pnpm/nuxt@4.1.2_@parcel+watcher@2.5.1_@types+node@24.10.1_@vue+compiler-sfc@3.5.25_db0@0.3.4_3194feaac2aca5e1147a3ba1c04e8d18/node_modules/nuxt",
      "link": true
    },
    "node_modules/nuxt-monaco-editor": {
      "resolved": "../node_modules/.pnpm/nuxt-monaco-editor@1.4.0_magicast@0.5.1_monaco-editor@0.53.0_vite@7.2.4_@types+node@24._0a067b5c9f1f8f15846740e3002fad53/node_modules/nuxt-monaco-editor",
      "link": true
    },
    "node_modules/ofetch": {
      "resolved": "../node_modules/.pnpm/ofetch@1.4.1/node_modules/ofetch",
      "link": true
    },
    "node_modules/pinia": {
      "resolved": "../node_modules/.pnpm/pinia@3.0.3_typescript@5.8.2_vue@3.5.22_typescript@5.8.2_/node_modules/pinia",
      "link": true
    },
    "node_modules/prettier": {
      "resolved": "../node_modules/.pnpm/prettier@2.8.8/node_modules/prettier",
      "link": true
    },
    "node_modules/tailwind-components": {
      "resolved": "../node_modules/.pnpm/tailwind-components@0.0.1_react-dom@19.2.0_react@19.2.0__react@19.2.0_tailwindcss@3.4.17/node_modules/tailwind-components",
      "link": true
    },
    "node_modules/ufo": {
      "version": "1.6.2",
      "resolved": "https://registry.npmjs.org/ufo/-/ufo-1.6.2.tgz",
      "integrity": "sha512-heMioaxBcG9+Znsda5Q8sQbWnLJSl98AFDXTO80wELWEzX3hordXsTdxrIfMQoO9IY1MEnoGoPjpoKpMj+Yx0Q==",
      "license": "MIT"
    },
    "node_modules/vue": {
      "resolved": "../node_modules/.pnpm/vue@3.5.22_typescript@5.8.2/node_modules/vue",
      "link": true
    },
    "node_modules/vue-router": {
      "resolved": "../node_modules/.pnpm/vue-router@4.4.3_vue@3.5.22_typescript@5.8.2_/node_modules/vue-router",
      "link": true
    },
    "node_modules/vue-tsc": {
      "resolved": "../node_modules/.pnpm/vue-tsc@2.1.6_typescript@5.8.2/node_modules/vue-tsc",
      "link": true
    },
    "node_modules/yaml": {
      "resolved": "../node_modules/.pnpm/yaml@2.8.1/node_modules/yaml",
      "link": true
    }
  }
}
