lockfileVersion: '9.0'

settings:
  autoInstallPeers: true
  excludeLinksFromLockfile: false

importers:

  .:
    dependencies:
      '@playwright/test':
        specifier: 1.62.0
        version: 1.62.0
      install:
        specifier: 0.13.0
        version: 0.13.0
    devDependencies:
      '@types/node':
        specifier: 22.5.5
        version: 22.5.5

packages:

  '@playwright/test@1.62.0':
    resolution: {integrity: sha512-9zOJ6ZQRAena31MpOH9VSzIz8Ou3YJ/wtY/eQm5T2uhfhG7/U3COrMS8xOtUrZrp9OgdmzEnIYODye3nY1VqzA==}
    engines: {node: '>=20'}
    hasBin: true

  '@types/node@22.5.5':
    resolution: {integrity: sha512-Xjs4y5UPO/CLdzpgR6GirZJx36yScjh73+2NlLlkFRSoQN8B0DpfXPdZGnvVmLRLOsqDpOfTNv7D9trgGhmOIA==}

  fsevents@2.3.2:
    resolution: {integrity: sha512-xiqMQR4xAeHTuB9uWm+fFRcIOgKBMiOBP+eXiyT7jsgVCq1bkVygt00oASowB7EdtpOHaaPgKt812P9ab+DDKA==}
    engines: {node: ^8.16.0 || ^10.6.0 || >=11.0.0}
    os: [darwin]

  install@0.13.0:
    resolution: {integrity: sha512-zDml/jzr2PKU9I8J/xyZBQn8rPCAY//UOYNmR01XwNwyfhEWObo2SWfSl1+0tm1u6PhxLwDnfsT/6jB7OUxqFA==}
    engines: {node: '>= 0.10'}

  playwright-core@1.62.0:
    resolution: {integrity: sha512-nsNRyq0r2zsG8AcRHWknc9QRA5XCueC7gWMrs+Gx2tlZn9hcl8zudfh00lhJPY1DE7NmZ6bDsT9g2yey8mXljA==}
    engines: {node: '>=20'}
    hasBin: true

  playwright@1.62.0:
    resolution: {integrity: sha512-Z14dG305dgaLu6foB1TXQagFiW8JfSUIUaUuPaKQ6NtBPKF1P/qXcqfh6c6K/icPqdy37JmjbiBXf6JNg6Sylw==}
    engines: {node: '>=20'}
    hasBin: true

  undici-types@6.19.8:
    resolution: {integrity: sha512-ve2KP6f/JnbPBFyobGHuerC9g1FYGn/F8n1LWTwNxCEzd6IfqTwUQcNXgEtmmQ6DlRrC1hrSrBnCZPokRrDHjw==}

snapshots:

  '@playwright/test@1.62.0':
    dependencies:
      playwright: 1.62.0

  '@types/node@22.5.5':
    dependencies:
      undici-types: 6.19.8

  fsevents@2.3.2:
    optional: true

  install@0.13.0: {}

  playwright-core@1.62.0: {}

  playwright@1.62.0:
    dependencies:
      playwright-core: 1.62.0
    optionalDependencies:
      fsevents: 2.3.2

  undici-types@6.19.8: {}
