{
    "_meta": {
        "hash": {
            "sha256": "17db686f0c6c16c8d102de5497447a49138e65d50d30820fef767bdd288cc054"
        },
        "pipfile-spec": 6,
        "requires": {
            "python_version": "3.10"
        },
        "sources": [
            {
                "name": "pypi",
                "url": "https://pypi.org/simple",
                "verify_ssl": true
            }
        ]
    },
    "default": {
        "certifi": {
            "hashes": [
                "sha256:9b469f3a900bf28dc19b8cfbf8019bf47f7fdd1a65a1d4ffb98fc14166beb4d1",
                "sha256:e036ab49d5b79556f99cfc2d9320b34cfbe5be05c5871b51de9329f0603b0474"
            ],
            "markers": "python_version >= '3.6'",
            "version": "==2023.11.17"
        },
        "charset-normalizer": {
            "hashes": [
                "sha256:5a3d016c7c547f69d6f81fb0db9449ce888b418b5b9952cc5e6e66843e9dd845",
                "sha256:83e9a75d1911279afd89352c68b45348559d1fc0506b054b346651b5e7fee29f"
            ],
            "markers": "python_full_version >= '3.6.0'",
            "version": "==2.1.1"
        },
        "dataclasses": {
            "hashes": [
                "sha256:454a69d788c7fda44efd71e259be79577822f5e3f53f029a22d08004e951dc9f",
                "sha256:6988bd2b895eef432d562370bb707d540f32f7360ab13da45340101bc2307d84"
            ],
            "version": "==0.6"
        },
        "datetime": {
            "hashes": [
                "sha256:568ea851d40773d846c0b5efe260aecb717c2b933c052a3c13b712809c16b57d",
                "sha256:88caf4d2441fe479038f4740a1071953686f7c1ed6c9e8c7df9ebe84e592f0c6"
            ],
            "markers": "python_version >= '3.7'",
            "version": "==5.4"
        },
        "future": {
            "hashes": [
                "sha256:34a17436ed1e96697a86f9de3d15a3b0be01d8bc8de9c1dffd59fb8234ed5307"
            ],
            "markers": "python_version >= '2.6' and python_version not in '3.0, 3.1, 3.2'",
            "version": "==0.18.3"
        },
        "idna": {
            "hashes": [
                "sha256:9ecdbbd083b06798ae1e86adcbfe8ab1479cf864e4ee30fe4e46a003d12491ca",
                "sha256:c05567e9c24a6b9faaa835c4821bad0590fbb9d5779e7caa6e1cc4978e7eb24f"
            ],
            "markers": "python_version >= '3.5'",
            "version": "==3.6"
        },
        "molgenis-py-bbmri-eric": {
            "editable": true,
            "path": "."
        },
        "molgenis-py-client": {
            "hashes": [
                "sha256:0c078c8c8e739bce420307502c0694e5afc41a255cda5a883d1214b8d474abf7",
                "sha256:6e85f87d54c2e294a6e9213697ef73d2b2eb2a475cb291523ffe8e058386922a"
            ],
            "markers": "python_version >= '3.6'",
            "version": "==2.4.1"
        },
        "pyhandle": {
            "hashes": [
                "sha256:1747444999a8e8ccfcdc2c2cd37ca9cf93c45fd06a1854d4e84a83ebd60f1439",
                "sha256:99ac2bfa5f295afc3f3332ce47ee243d326c4935f3f27098a9dca1436cf7671a"
            ],
            "markers": "python_version < '3.11' and python_version >= '3.6'",
            "version": "==1.2.1"
        },
        "pymysql": {
            "hashes": [
                "sha256:04fa19fad017fdb21394fad2878c1d6bd346959d4fbfd1b66050a09fc636a321",
                "sha256:32da4a66397077d42908e449688f2ec71c2b18892a6cd04f03ab2aa828a70f40"
            ],
            "markers": "python_version < '3.11.0'",
            "version": "==0.8.0"
        },
        "pytz": {
            "hashes": [
                "sha256:7b4fddbeb94a1eba4b557da24f19fdf9db575192544270a9101d8509f9f43d7b",
                "sha256:ce42d816b81b68506614c11e8937d3aa9e41007ceb50bfdcb0749b921bf646c7"
            ],
            "version": "==2023.3.post1"
        },
        "requests": {
            "hashes": [
                "sha256:7c5599b102feddaa661c826c56ab4fee28bfd17f5abca1ebbe3e7f19d7c97983",
                "sha256:8fefa2a1a1365bf5520aac41836fbee479da67864514bdb821f31ce07ce65349"
            ],
            "markers": "python_version >= '3.7' and python_version < '4'",
            "version": "==2.28.1"
        },
        "setuptools": {
            "hashes": [
                "sha256:1e8fdff6797d3865f37397be788a4e3cba233608e9b509382a2777d25ebde7f2",
                "sha256:735896e78a4742605974de002ac60562d286fa8051a7e2299445e8e8fbb01aa6"
            ],
            "markers": "python_version >= '3.8'",
            "version": "==69.0.2"
        },
        "six": {
            "hashes": [
                "sha256:1e61c37477a1626458e36f7b1d82aa5c9b094fa4802892072e49de9c60c4c926",
                "sha256:8abb2f1d86890a2dfb989f9a77cfcfd3e47c2a354b01111771326f8aa26e0254"
            ],
            "markers": "python_version >= '2.7' and python_version not in '3.0, 3.1, 3.2'",
            "version": "==1.16.0"
        },
        "unidecode": {
            "hashes": [
                "sha256:3c90b4662aa0de0cb591884b934ead8d2225f1800d8da675a7750cbc3bd94610",
                "sha256:663a537f506834ed836af26a81b210d90cbde044c47bfbdc0fbbc9f94c86a6e4"
            ],
            "markers": "python_version >= '3.5'",
            "version": "==1.3.7"
        },
        "urllib3": {
            "hashes": [
                "sha256:34b97092d7e0a3a8cf7cd10e386f401b3737364026c45e622aa02903dffe0f07",
                "sha256:f8ecc1bba5667413457c529ab955bf8c67b45db799d159066261719e328580a0"
            ],
            "markers": "python_version >= '2.7' and python_version not in '3.0, 3.1, 3.2, 3.3, 3.4, 3.5'",
            "version": "==1.26.18"
        },
        "zope.interface": {
            "hashes": [
                "sha256:0c8cf55261e15590065039696607f6c9c1aeda700ceee40c70478552d323b3ff",
                "sha256:13b7d0f2a67eb83c385880489dbb80145e9d344427b4262c49fbf2581677c11c",
                "sha256:1f294a15f7723fc0d3b40701ca9b446133ec713eafc1cc6afa7b3d98666ee1ac",
                "sha256:239a4a08525c080ff833560171d23b249f7f4d17fcbf9316ef4159f44997616f",
                "sha256:2f8d89721834524a813f37fa174bac074ec3d179858e4ad1b7efd4401f8ac45d",
                "sha256:2fdc7ccbd6eb6b7df5353012fbed6c3c5d04ceaca0038f75e601060e95345309",
                "sha256:34c15ca9248f2e095ef2e93af2d633358c5f048c49fbfddf5fdfc47d5e263736",
                "sha256:387545206c56b0315fbadb0431d5129c797f92dc59e276b3ce82db07ac1c6179",
                "sha256:43b576c34ef0c1f5a4981163b551a8781896f2a37f71b8655fd20b5af0386abb",
                "sha256:57d0a8ce40ce440f96a2c77824ee94bf0d0925e6089df7366c2272ccefcb7941",
                "sha256:5a804abc126b33824a44a7aa94f06cd211a18bbf31898ba04bd0924fbe9d282d",
                "sha256:67be3ca75012c6e9b109860820a8b6c9a84bfb036fbd1076246b98e56951ca92",
                "sha256:6af47f10cfc54c2ba2d825220f180cc1e2d4914d783d6fc0cd93d43d7bc1c78b",
                "sha256:6dc998f6de015723196a904045e5a2217f3590b62ea31990672e31fbc5370b41",
                "sha256:70d2cef1bf529bff41559be2de9d44d47b002f65e17f43c73ddefc92f32bf00f",
                "sha256:7ebc4d34e7620c4f0da7bf162c81978fce0ea820e4fa1e8fc40ee763839805f3",
                "sha256:964a7af27379ff4357dad1256d9f215047e70e93009e532d36dcb8909036033d",
                "sha256:97806e9ca3651588c1baaebb8d0c5ee3db95430b612db354c199b57378312ee8",
                "sha256:9b9bc671626281f6045ad61d93a60f52fd5e8209b1610972cf0ef1bbe6d808e3",
                "sha256:9ffdaa5290422ac0f1688cb8adb1b94ca56cee3ad11f29f2ae301df8aecba7d1",
                "sha256:a0da79117952a9a41253696ed3e8b560a425197d4e41634a23b1507efe3273f1",
                "sha256:a41f87bb93b8048fe866fa9e3d0c51e27fe55149035dcf5f43da4b56732c0a40",
                "sha256:aa6fd016e9644406d0a61313e50348c706e911dca29736a3266fc9e28ec4ca6d",
                "sha256:ad54ed57bdfa3254d23ae04a4b1ce405954969c1b0550cc2d1d2990e8b439de1",
                "sha256:b012d023b4fb59183909b45d7f97fb493ef7a46d2838a5e716e3155081894605",
                "sha256:b51b64432eed4c0744241e9ce5c70dcfecac866dff720e746d0a9c82f371dfa7",
                "sha256:bbe81def9cf3e46f16ce01d9bfd8bea595e06505e51b7baf45115c77352675fd",
                "sha256:c9559138690e1bd4ea6cd0954d22d1e9251e8025ce9ede5d0af0ceae4a401e43",
                "sha256:e30506bcb03de8983f78884807e4fd95d8db6e65b69257eea05d13d519b83ac0",
                "sha256:e33e86fd65f369f10608b08729c8f1c92ec7e0e485964670b4d2633a4812d36b",
                "sha256:e441e8b7d587af0414d25e8d05e27040d78581388eed4c54c30c0c91aad3a379",
                "sha256:e8bb9c990ca9027b4214fa543fd4025818dc95f8b7abce79d61dc8a2112b561a",
                "sha256:ef43ee91c193f827e49599e824385ec7c7f3cd152d74cb1dfe02cb135f264d83",
                "sha256:ef467d86d3cfde8b39ea1b35090208b0447caaabd38405420830f7fd85fbdd56",
                "sha256:f89b28772fc2562ed9ad871c865f5320ef761a7fcc188a935e21fe8b31a38ca9",
                "sha256:fddbab55a2473f1d3b8833ec6b7ac31e8211b0aa608df5ab09ce07f3727326de"
            ],
            "markers": "python_version >= '3.7'",
            "version": "==6.1"
        }
    },
    "develop": {
        "cachetools": {
            "hashes": [
                "sha256:086ee420196f7b2ab9ca2db2520aca326318b68fe5ba8bc4d49cca91add450f2",
                "sha256:861f35a13a451f94e301ce2bec7cac63e881232ccce7ed67fab9b5df4d3beaa1"
            ],
            "markers": "python_version >= '3.7'",
            "version": "==5.3.2"
        },
        "chardet": {
            "hashes": [
                "sha256:1b3b6ff479a8c414bc3fa2c0852995695c4a026dcd6d0633b2dd092ca39c1cf7",
                "sha256:e1cf59446890a00105fe7b7912492ea04b6e6f06d4b742b2c788469e34c82970"
            ],
            "markers": "python_version >= '3.7'",
            "version": "==5.2.0"
        },
        "colorama": {
            "hashes": [
                "sha256:08695f5cb7ed6e0531a20572697297273c47b8cae5a63ffc6d6ed5c201be6e44",
                "sha256:4f1d9991f5acc0ca119f9d443620b77f9d6b33703e51011c16baf57afb285fc6"
            ],
            "markers": "python_version >= '2.7' and python_version not in '3.0, 3.1, 3.2, 3.3, 3.4, 3.5, 3.6'",
            "version": "==0.4.6"
        },
        "coverage": {
            "extras": [
                "toml"
            ],
            "hashes": [
                "sha256:007a7e49831cfe387473e92e9ff07377f6121120669ddc39674e7244350a6a29",
                "sha256:1191270b06ecd68b1d00897b2daddb98e1719f63750969614ceb3438228c088e",
                "sha256:1367aa411afb4431ab58fd7ee102adb2665894d047c490649e86219327183134",
                "sha256:1f0f8f0c497eb9c9f18f21de0750c8d8b4b9c7000b43996a094290b59d0e7523",
                "sha256:222b038f08a7ebed1e4e78ccf3c09a1ca4ac3da16de983e66520973443b546bc",
                "sha256:243576944f7c1a1205e5cd658533a50eba662c74f9be4c050d51c69bd4532936",
                "sha256:2e9223a18f51d00d3ce239c39fc41410489ec7a248a84fab443fbb39c943616c",
                "sha256:307aecb65bb77cbfebf2eb6e12009e9034d050c6c69d8a5f3f737b329f4f15fb",
                "sha256:31c0b1b8b5a4aebf8fcd227237fc4263aa7fa0ddcd4d288d42f50eff18b0bac4",
                "sha256:3b15e03b8ee6a908db48eccf4e4e42397f146ab1e91c6324da44197a45cb9132",
                "sha256:3c854c1d2c7d3e47f7120b560d1a30c1ca221e207439608d27bc4d08fd4aeae8",
                "sha256:475de8213ed95a6b6283056d180b2442eee38d5948d735cd3d3b52b86dd65b92",
                "sha256:50c472c1916540f8b2deef10cdc736cd2b3d1464d3945e4da0333862270dcb15",
                "sha256:593efa42160c15c59ee9b66c5f27a453ed3968718e6e58431cdfb2d50d5ad284",
                "sha256:65d716b736f16e250435473c5ca01285d73c29f20097decdbb12571d5dfb2c94",
                "sha256:733537a182b5d62184f2a72796eb6901299898231a8e4f84c858c68684b25a70",
                "sha256:757453848c18d7ab5d5b5f1827293d580f156f1c2c8cef45bfc21f37d8681069",
                "sha256:79c32f875fd7c0ed8d642b221cf81feba98183d2ff14d1f37a1bbce6b0347d9f",
                "sha256:7f3bad1a9313401ff2964e411ab7d57fb700a2d5478b727e13f156c8f89774a0",
                "sha256:7fbf3f5756e7955174a31fb579307d69ffca91ad163467ed123858ce0f3fd4aa",
                "sha256:811ca7373da32f1ccee2927dc27dc523462fd30674a80102f86c6753d6681bc6",
                "sha256:89400aa1752e09f666cc48708eaa171eef0ebe3d5f74044b614729231763ae69",
                "sha256:8c944cf1775235c0857829c275c777a2c3e33032e544bcef614036f337ac37bb",
                "sha256:9437a4074b43c177c92c96d051957592afd85ba00d3e92002c8ef45ee75df438",
                "sha256:9e17d9cb06c13b4f2ef570355fa45797d10f19ca71395910b249e3f77942a837",
                "sha256:9ede881c7618f9cf93e2df0421ee127afdfd267d1b5d0c59bcea771cf160ea4a",
                "sha256:a1f76cfc122c9e0f62dbe0460ec9cc7696fc9a0293931a33b8870f78cf83a327",
                "sha256:a2ac4245f18057dfec3b0074c4eb366953bca6787f1ec397c004c78176a23d56",
                "sha256:a702e66483b1fe602717020a0e90506e759c84a71dbc1616dd55d29d86a9b91f",
                "sha256:ad2453b852a1316c8a103c9c970db8fbc262f4f6b930aa6c606df9b2766eee06",
                "sha256:af75cf83c2d57717a8493ed2246d34b1f3398cb8a92b10fd7a1858cad8e78f59",
                "sha256:afdcc10c01d0db217fc0a64f58c7edd635b8f27787fea0a3054b856a6dff8717",
                "sha256:c59a3e59fb95e6d72e71dc915e6d7fa568863fad0a80b33bc7b82d6e9f844973",
                "sha256:cad9afc1644b979211989ec3ff7d82110b2ed52995c2f7263e7841c846a75348",
                "sha256:d299d379b676812e142fb57662a8d0d810b859421412b4d7af996154c00c31bb",
                "sha256:d31650d313bd90d027f4be7663dfa2241079edd780b56ac416b56eebe0a21aab",
                "sha256:d874434e0cb7b90f7af2b6e3309b0733cde8ec1476eb47db148ed7deeb2a9494",
                "sha256:db0338c4b0951d93d547e0ff8d8ea340fecf5885f5b00b23be5aa99549e14cfd",
                "sha256:df04c64e58df96b4427db8d0559e95e2df3138c9916c96f9f6a4dd220db2fdb7",
                "sha256:e995efb191f04b01ced307dbd7407ebf6e6dc209b528d75583277b10fd1800ee",
                "sha256:eda7f6e92358ac9e1717ce1f0377ed2b9320cea070906ece4e5c11d172a45a39",
                "sha256:ee453085279df1bac0996bc97004771a4a052b1f1e23f6101213e3796ff3cb85",
                "sha256:ee6621dccce8af666b8c4651f9f43467bfbf409607c604b840b78f4ff3619aeb",
                "sha256:eee5e741b43ea1b49d98ab6e40f7e299e97715af2488d1c77a90de4a663a86e2",
                "sha256:f3bfd2c2f0e5384276e12b14882bf2c7621f97c35320c3e7132c156ce18436a1",
                "sha256:f501e36ac428c1b334c41e196ff6bd550c0353c7314716e80055b1f0a32ba394",
                "sha256:f9191be7af41f0b54324ded600e8ddbcabea23e1e8ba419d9a53b241dece821d",
                "sha256:fbd8a5fe6c893de21a3c6835071ec116d79334fbdf641743332e442a3466f7ea",
                "sha256:fc200cec654311ca2c3f5ab3ce2220521b3d4732f68e1b1e79bef8fcfc1f2b97",
                "sha256:ff4800783d85bff132f2cc7d007426ec698cdce08c3062c8d501ad3f4ea3d16c",
                "sha256:ffb0eacbadb705c0a6969b0adf468f126b064f3362411df95f6d4f31c40d31c1",
                "sha256:fff0b2f249ac642fd735f009b8363c2b46cf406d3caec00e4deeb79b5ff39b40"
            ],
            "markers": "python_version >= '3.8'",
            "version": "==7.3.3"
        },
        "distlib": {
            "hashes": [
                "sha256:034db59a0b96f8ca18035f36290806a9a6e6bd9d1ff91e45a7f172eb17e51784",
                "sha256:1530ea13e350031b6312d8580ddb6b27a104275a31106523b8f123787f494f64"
            ],
            "version": "==0.3.8"
        },
        "exceptiongroup": {
            "hashes": [
                "sha256:4bfd3996ac73b41e9b9628b04e079f193850720ea5945fc96a08633c66912f14",
                "sha256:91f5c769735f051a4290d52edd0858999b57e5876e9f85937691bd4c9fa3ed68"
            ],
            "markers": "python_version < '3.11'",
            "version": "==1.2.0"
        },
        "filelock": {
            "hashes": [
                "sha256:521f5f56c50f8426f5e03ad3b281b490a87ef15bc6c526f168290f0c7148d44e",
                "sha256:57dbda9b35157b05fb3e58ee91448612eb674172fab98ee235ccb0b5bee19a1c"
            ],
            "markers": "python_version >= '3.8'",
            "version": "==3.13.1"
        },
        "flake8": {
            "hashes": [
                "sha256:d5b3857f07c030bdb5bf41c7f53799571d75c4491748a3adcd47de929e34cd23",
                "sha256:ffdfce58ea94c6580c77888a86506937f9a1a227dfcd15f245d694ae20a6b6e5"
            ],
            "index": "pypi",
            "markers": "python_full_version >= '3.8.1'",
            "version": "==6.1.0"
        },
        "iniconfig": {
            "hashes": [
                "sha256:2d91e135bf72d31a410b17c16da610a82cb55f6b0477d1a902134b24a455b8b3",
                "sha256:b6a85871a79d2e3b22d2d1b94ac2824226a63c6b741c88f7ae975f18b6778374"
            ],
            "markers": "python_version >= '3.7'",
            "version": "==2.0.0"
        },
        "mccabe": {
            "hashes": [
                "sha256:348e0240c33b60bbdf4e523192ef919f28cb2c3d7d5c7794f74009290f236325",
                "sha256:6c2d30ab6be0e4a46919781807b4f0d834ebdd6c6e3dca0bda5a15f863427b6e"
            ],
            "markers": "python_version >= '3.6'",
            "version": "==0.7.0"
        },
        "packaging": {
            "hashes": [
                "sha256:048fb0e9405036518eaaf48a55953c750c11e1a1b68e0dd1a9d62ed0c092cfc5",
                "sha256:8c491190033a9af7e1d931d0b5dacc2ef47509b34dd0de67ed209b5203fc88c7"
            ],
            "markers": "python_version >= '3.7'",
            "version": "==23.2"
        },
        "platformdirs": {
            "hashes": [
                "sha256:11c8f37bcca40db96d8144522d925583bdb7a31f7b0e37e3ed4318400a8e2380",
                "sha256:906d548203468492d432bcb294d4bc2fff751bf84971fbb2c10918cc206ee420"
            ],
            "markers": "python_version >= '3.8'",
            "version": "==4.1.0"
        },
        "pluggy": {
            "hashes": [
                "sha256:cf61ae8f126ac6f7c451172cf30e3e43d3ca77615509771b3a984a0730651e12",
                "sha256:d89c696a773f8bd377d18e5ecda92b7a3793cbe66c87060a6fb58c7b6e1061f7"
            ],
            "markers": "python_version >= '3.8'",
            "version": "==1.3.0"
        },
        "pycodestyle": {
            "hashes": [
                "sha256:41ba0e7afc9752dfb53ced5489e89f8186be00e599e712660695b7a75ff2663f",
                "sha256:44fe31000b2d866f2e41841b18528a505fbd7fef9017b04eff4e2648a0fadc67"
            ],
            "markers": "python_version >= '3.8'",
            "version": "==2.11.1"
        },
        "pyflakes": {
            "hashes": [
                "sha256:4132f6d49cb4dae6819e5379898f2b8cce3c5f23994194c24b77d5da2e36f774",
                "sha256:a0aae034c444db0071aa077972ba4768d40c830d9539fd45bf4cd3f8f6992efc"
            ],
            "markers": "python_version >= '3.8'",
            "version": "==3.1.0"
        },
        "pyproject-api": {
            "hashes": [
                "sha256:1817dc018adc0d1ff9ca1ed8c60e1623d5aaca40814b953af14a9cf9a5cae538",
                "sha256:4c0116d60476b0786c88692cf4e325a9814965e2469c5998b830bba16b183675"
            ],
            "markers": "python_version >= '3.8'",
            "version": "==1.6.1"
        },
        "pytest": {
            "hashes": [
                "sha256:0d009c083ea859a71b76adf7c1d502e4bc170b80a8ef002da5806527b9591fac",
                "sha256:d989d136982de4e3b29dabcc838ad581c64e8ed52c11fbe86ddebd9da0818cd5"
            ],
            "index": "pypi",
            "markers": "python_version >= '3.7'",
            "version": "==7.4.3"
        },
        "pytest-cov": {
            "hashes": [
                "sha256:3904b13dfbfec47f003b8e77fd5b589cd11904a21ddf1ab38a64f204d6a10ef6",
                "sha256:6ba70b9e97e69fcc3fb45bfeab2d0a138fb65c4d0d6a41ef33983ad114be8c3a"
            ],
            "index": "pypi",
            "markers": "python_version >= '3.7'",
            "version": "==4.1.0"
        },
        "python-dotenv": {
            "hashes": [
                "sha256:a8df96034aae6d2d50a4ebe8216326c61c3eb64836776504fcca410e5937a3ba",
                "sha256:f5971a9226b701070a4bf2c38c89e5a3f0d64de8debda981d1db98583009122a"
            ],
            "index": "pypi",
            "markers": "python_version >= '3.8'",
            "version": "==1.0.0"
        },
        "setuptools": {
            "hashes": [
                "sha256:1e8fdff6797d3865f37397be788a4e3cba233608e9b509382a2777d25ebde7f2",
                "sha256:735896e78a4742605974de002ac60562d286fa8051a7e2299445e8e8fbb01aa6"
            ],
            "markers": "python_version >= '3.8'",
            "version": "==69.0.2"
        },
        "tomli": {
            "hashes": [
                "sha256:939de3e7a6161af0c887ef91b7d41a53e7c5a1ca976325f429cb46ea9bc30ecc",
                "sha256:de526c12914f0c550d15924c62d72abc48d6fe7364aa87328337a31007fe8a4f"
            ],
            "markers": "python_version < '3.11'",
            "version": "==2.0.1"
        },
        "tox": {
            "hashes": [
                "sha256:2adb83d68f27116812b69aa36676a8d6a52249cb0d173649de0e7d0c2e3e7229",
                "sha256:73a7240778fabf305aeb05ab8ea26e575e042ab5a18d71d0ed13e343a51d6ce1"
            ],
            "index": "pypi",
            "markers": "python_version >= '3.8'",
            "version": "==4.11.4"
        },
        "virtualenv": {
            "hashes": [
                "sha256:4238949c5ffe6876362d9c0180fc6c3a824a7b12b80604eeb8085f2ed7460de3",
                "sha256:bf51c0d9c7dd63ea8e44086fa1e4fb1093a31e963b86959257378aef020e1f1b"
            ],
            "markers": "python_version >= '3.7'",
            "version": "==20.25.0"
        }
    }
}
